
Microsoft Visual Studio Solution File, Format Version 12.00
# Visual Studio Version 17
VisualStudioVersion = 17.6.33717.318
MinimumVisualStudioVersion = 10.0.40219.1
Project("{FAE04EC0-301F-11D3-BF4B-00C04F79EFBC}") = "CrudM", "CrudM\CrudM.csproj", "{017590C1-1156-45B8-9C5D-291C6B70108F}"
EndProject
Project("{FAE04EC0-301F-11D3-BF4B-00C04F79EFBC}") = "CrudVM", "CrudVM\CrudVM.csproj", "{C4989007-E720-4265-948C-C54A6AD0EF08}"
EndProject
Project("{FAE04EC0-301F-11D3-BF4B-00C04F79EFBC}") = "CrudV", "CrudV\CrudV.csproj", "{1402C3D7-62B4-493B-B6F3-50DAE774854F}"
EndProject
Global
	GlobalSection(SolutionConfigurationPlatforms) = preSolution
		Debug|Any CPU = Debug|Any CPU
		Release|Any CPU = Release|Any CPU
	EndGlobalSection
	GlobalSection(ProjectConfigurationPlatforms) = postSolution
		{017590C1-1156-45B8-9C5D-291C6B70108F}.Debug|Any CPU.ActiveCfg = Debug|Any CPU
		{017590C1-1156-45B8-9C5D-291C6B70108F}.Debug|Any CPU.Build.0 = Debug|Any CPU
		{017590C1-1156-45B8-9C5D-291C6B70108F}.Release|Any CPU.ActiveCfg = Release|Any CPU
		{017590C1-1156-45B8-9C5D-291C6B70108F}.Release|Any CPU.Build.0 = Release|Any CPU
		{C4989007-E720-4265-948C-C54A6AD0EF08}.Debug|Any CPU.ActiveCfg = Debug|Any CPU
		{C4989007-E720-4265-948C-C54A6AD0EF08}.Debug|Any CPU.Build.0 = Debug|Any CPU
		{C4989007-E720-4265-948C-C54A6AD0EF08}.Release|Any CPU.ActiveCfg = Release|Any CPU
		{C4989007-E720-4265-948C-C54A6AD0EF08}.Release|Any CPU.Build.0 = Release|Any CPU
		{1402C3D7-62B4-493B-B6F3-50DAE774854F}.Debug|Any CPU.ActiveCfg = Debug|Any CPU
		{1402C3D7-62B4-493B-B6F3-50DAE774854F}.Debug|Any CPU.Build.0 = Debug|Any CPU
		{1402C3D7-62B4-493B-B6F3-50DAE774854F}.Release|Any CPU.ActiveCfg = Release|Any CPU
		{1402C3D7-62B4-493B-B6F3-50DAE774854F}.Release|Any CPU.Build.0 = Release|Any CPU
	EndGlobalSection
	GlobalSection(SolutionProperties) = preSolution
		HideSolutionNode = FALSE
	EndGlobalSection
	GlobalSection(ExtensibilityGlobals) = postSolution
		SolutionGuid = {F130E4D1-B129-47A3-92EB-7198907568A7}
	EndGlobalSection
EndGlobal
